
Microsoft Visual Studio Solution File, Format Version 12.00
# Visual Studio Version 17
VisualStudioVersion = 17.14.36203.30
MinimumVisualStudioVersion = 10.0.40219.1
Project("{2150E333-8FDC-42A3-9474-1A3956D46DE8}") = "Bootstrapper", "Bootstrapper", "{02EA681E-C7D8-13C7-8484-4AC65E1B71E8}"
EndProject
Project("{2150E333-8FDC-42A3-9474-1A3956D46DE8}") = "Modules", "Modules", "{26F57DD1-B7A5-4913-AD2B-0E841E28BA83}"
EndProject
Project("{2150E333-8FDC-42A3-9474-1A3956D46DE8}") = "Shared", "Shared", "{50A1F39B-277E-425E-853E-33A2119DEDDE}"
EndProject
Project("{FAE04EC0-301F-11D3-BF4B-00C04F79EFBC}") = "Api", "Bootstrapper\Api\Api.csproj", "{65B3561C-FD4C-4954-B2DA-FDD828C583BA}"
EndProject
Project("{2150E333-8FDC-42A3-9474-1A3956D46DE8}") = "Catalog", "Catalog", "{B264CD0D-1FBF-4764-9E9C-5B904E81EA53}"
EndProject
Project("{FAE04EC0-301F-11D3-BF4B-00C04F79EFBC}") = "Catalog", "Modules\Catalog\Catalog\Catalog.csproj", "{E7F9A6E3-5ECC-4414-AC6A-15BB3DB70AF6}"
EndProject
Project("{2150E333-8FDC-42A3-9474-1A3956D46DE8}") = "Basket", "Basket", "{E3EDCC51-C794-44D0-8EA7-C844F793580D}"
EndProject
Project("{2150E333-8FDC-42A3-9474-1A3956D46DE8}") = "Ordering", "Ordering", "{FD678F67-157B-46FC-B85D-9FCAAA626004}"
EndProject
Project("{FAE04EC0-301F-11D3-BF4B-00C04F79EFBC}") = "Basket", "Modules\Basket\Basket\Basket.csproj", "{5F0AFE06-9FC1-4716-AB02-7413E52E89C3}"
EndProject
Project("{FAE04EC0-301F-11D3-BF4B-00C04F79EFBC}") = "Ordering", "Modules\Ordering\Ordering\Ordering.csproj", "{87E2B4E0-B0F5-4F72-8CCE-D8DC310B0AB8}"
EndProject
Project("{FAE04EC0-301F-11D3-BF4B-00C04F79EFBC}") = "Shared", "Shared\Shared\Shared.csproj", "{29AA2188-94D0-4492-819C-92B5BE047B7A}"
EndProject
Project("{E53339B2-1760-4266-BCC7-CA923CBCF16C}") = "docker-compose", "docker-compose.dcproj", "{81DDED9D-158B-E303-5F62-77A2896D2A5A}"
EndProject
Project("{FAE04EC0-301F-11D3-BF4B-00C04F79EFBC}") = "Catalog.Contracts", "Modules\Catalog\Catalog.Contracts\Catalog.Contracts.csproj", "{150E06F7-CCB4-413A-A884-A6C8BE0E294B}"
EndProject
Project("{FAE04EC0-301F-11D3-BF4B-00C04F79EFBC}") = "Shared.Contracts", "Shared\Shared.Contracts\Shared.Contracts.csproj", "{7207DEF1-DE25-4588-A8E3-090733DF305C}"
EndProject
Project("{FAE04EC0-301F-11D3-BF4B-00C04F79EFBC}") = "Shared.Messaging", "Shared\Shared.Messaging\Shared.Messaging.csproj", "{1B7B8A82-D47B-4D70-A596-4B0390F5FFEF}"
EndProject
Global
	GlobalSection(SolutionConfigurationPlatforms) = preSolution
		Debug|Any CPU = Debug|Any CPU
		Release|Any CPU = Release|Any CPU
	EndGlobalSection
	GlobalSection(ProjectConfigurationPlatforms) = postSolution
		{65B3561C-FD4C-4954-B2DA-FDD828C583BA}.Debug|Any CPU.ActiveCfg = Debug|Any CPU
		{65B3561C-FD4C-4954-B2DA-FDD828C583BA}.Debug|Any CPU.Build.0 = Debug|Any CPU
		{65B3561C-FD4C-4954-B2DA-FDD828C583BA}.Release|Any CPU.ActiveCfg = Release|Any CPU
		{65B3561C-FD4C-4954-B2DA-FDD828C583BA}.Release|Any CPU.Build.0 = Release|Any CPU
		{E7F9A6E3-5ECC-4414-AC6A-15BB3DB70AF6}.Debug|Any CPU.ActiveCfg = Debug|Any CPU
		{E7F9A6E3-5ECC-4414-AC6A-15BB3DB70AF6}.Debug|Any CPU.Build.0 = Debug|Any CPU
		{E7F9A6E3-5ECC-4414-AC6A-15BB3DB70AF6}.Release|Any CPU.ActiveCfg = Release|Any CPU
		{E7F9A6E3-5ECC-4414-AC6A-15BB3DB70AF6}.Release|Any CPU.Build.0 = Release|Any CPU
		{5F0AFE06-9FC1-4716-AB02-7413E52E89C3}.Debug|Any CPU.ActiveCfg = Debug|Any CPU
		{5F0AFE06-9FC1-4716-AB02-7413E52E89C3}.Debug|Any CPU.Build.0 = Debug|Any CPU
		{5F0AFE06-9FC1-4716-AB02-7413E52E89C3}.Release|Any CPU.ActiveCfg = Release|Any CPU
		{5F0AFE06-9FC1-4716-AB02-7413E52E89C3}.Release|Any CPU.Build.0 = Release|Any CPU
		{87E2B4E0-B0F5-4F72-8CCE-D8DC310B0AB8}.Debug|Any CPU.ActiveCfg = Debug|Any CPU
		{87E2B4E0-B0F5-4F72-8CCE-D8DC310B0AB8}.Debug|Any CPU.Build.0 = Debug|Any CPU
		{87E2B4E0-B0F5-4F72-8CCE-D8DC310B0AB8}.Release|Any CPU.ActiveCfg = Release|Any CPU
		{87E2B4E0-B0F5-4F72-8CCE-D8DC310B0AB8}.Release|Any CPU.Build.0 = Release|Any CPU
		{29AA2188-94D0-4492-819C-92B5BE047B7A}.Debug|Any CPU.ActiveCfg = Debug|Any CPU
		{29AA2188-94D0-4492-819C-92B5BE047B7A}.Debug|Any CPU.Build.0 = Debug|Any CPU
		{29AA2188-94D0-4492-819C-92B5BE047B7A}.Release|Any CPU.ActiveCfg = Release|Any CPU
		{29AA2188-94D0-4492-819C-92B5BE047B7A}.Release|Any CPU.Build.0 = Release|Any CPU
		{81DDED9D-158B-E303-5F62-77A2896D2A5A}.Debug|Any CPU.ActiveCfg = Debug|Any CPU
		{81DDED9D-158B-E303-5F62-77A2896D2A5A}.Debug|Any CPU.Build.0 = Debug|Any CPU
		{81DDED9D-158B-E303-5F62-77A2896D2A5A}.Release|Any CPU.ActiveCfg = Release|Any CPU
		{81DDED9D-158B-E303-5F62-77A2896D2A5A}.Release|Any CPU.Build.0 = Release|Any CPU
		{150E06F7-CCB4-413A-A884-A6C8BE0E294B}.Debug|Any CPU.ActiveCfg = Debug|Any CPU
		{150E06F7-CCB4-413A-A884-A6C8BE0E294B}.Debug|Any CPU.Build.0 = Debug|Any CPU
		{150E06F7-CCB4-413A-A884-A6C8BE0E294B}.Release|Any CPU.ActiveCfg = Release|Any CPU
		{150E06F7-CCB4-413A-A884-A6C8BE0E294B}.Release|Any CPU.Build.0 = Release|Any CPU
		{7207DEF1-DE25-4588-A8E3-090733DF305C}.Debug|Any CPU.ActiveCfg = Debug|Any CPU
		{7207DEF1-DE25-4588-A8E3-090733DF305C}.Debug|Any CPU.Build.0 = Debug|Any CPU
		{7207DEF1-DE25-4588-A8E3-090733DF305C}.Release|Any CPU.ActiveCfg = Release|Any CPU
		{7207DEF1-DE25-4588-A8E3-090733DF305C}.Release|Any CPU.Build.0 = Release|Any CPU
		{1B7B8A82-D47B-4D70-A596-4B0390F5FFEF}.Debug|Any CPU.ActiveCfg = Debug|Any CPU
		{1B7B8A82-D47B-4D70-A596-4B0390F5FFEF}.Debug|Any CPU.Build.0 = Debug|Any CPU
		{1B7B8A82-D47B-4D70-A596-4B0390F5FFEF}.Release|Any CPU.ActiveCfg = Release|Any CPU
		{1B7B8A82-D47B-4D70-A596-4B0390F5FFEF}.Release|Any CPU.Build.0 = Release|Any CPU
	EndGlobalSection
	GlobalSection(SolutionProperties) = preSolution
		HideSolutionNode = FALSE
	EndGlobalSection
	GlobalSection(NestedProjects) = preSolution
		{65B3561C-FD4C-4954-B2DA-FDD828C583BA} = {02EA681E-C7D8-13C7-8484-4AC65E1B71E8}
		{B264CD0D-1FBF-4764-9E9C-5B904E81EA53} = {26F57DD1-B7A5-4913-AD2B-0E841E28BA83}
		{E7F9A6E3-5ECC-4414-AC6A-15BB3DB70AF6} = {B264CD0D-1FBF-4764-9E9C-5B904E81EA53}
		{E3EDCC51-C794-44D0-8EA7-C844F793580D} = {26F57DD1-B7A5-4913-AD2B-0E841E28BA83}
		{FD678F67-157B-46FC-B85D-9FCAAA626004} = {26F57DD1-B7A5-4913-AD2B-0E841E28BA83}
		{5F0AFE06-9FC1-4716-AB02-7413E52E89C3} = {E3EDCC51-C794-44D0-8EA7-C844F793580D}
		{87E2B4E0-B0F5-4F72-8CCE-D8DC310B0AB8} = {FD678F67-157B-46FC-B85D-9FCAAA626004}
		{29AA2188-94D0-4492-819C-92B5BE047B7A} = {50A1F39B-277E-425E-853E-33A2119DEDDE}
		{150E06F7-CCB4-413A-A884-A6C8BE0E294B} = {B264CD0D-1FBF-4764-9E9C-5B904E81EA53}
		{7207DEF1-DE25-4588-A8E3-090733DF305C} = {50A1F39B-277E-425E-853E-33A2119DEDDE}
		{1B7B8A82-D47B-4D70-A596-4B0390F5FFEF} = {50A1F39B-277E-425E-853E-33A2119DEDDE}
	EndGlobalSection
	GlobalSection(ExtensibilityGlobals) = postSolution
		SolutionGuid = {C563372E-480B-4EDF-BE8D-8EC74CEDD937}
	EndGlobalSection
EndGlobal
